
Microsoft Visual Studio Solution File, Format Version 12.00
# Visual Studio Version 16
VisualStudioVersion = 16.0.30621.155
MinimumVisualStudioVersion = 10.0.40219.1
Project("{9A19103F-16F7-4668-BE54-9A1E7A4F7556}") = "RealTimeGraphX", "RealTimeGraphX\RealTimeGraphX.csproj", "{219B769F-B756-4F93-8CC6-1AA69BF23A62}"
EndProject
Project("{FAE04EC0-301F-11D3-BF4B-00C04F79EFBC}") = "RealTimeGraphX.WPF", "RealTimeGraphX.WPF\RealTimeGraphX.WPF.csproj", "{6B9774F7-960D-438E-AD81-C6B9BE328D50}"
EndProject
Project("{FAE04EC0-301F-11D3-BF4B-00C04F79EFBC}") = "RealTimeGraphX.WPF.Demo", "RealTimeGraphX.WPF.Demo\RealTimeGraphX.WPF.Demo.csproj", "{B822CBD9-1113-4668-85C9-22AA9C24CE60}"
EndProject
Project("{FAE04EC0-301F-11D3-BF4B-00C04F79EFBC}") = "UAV.MonitoringGroundStation", "UAV.MonitoringGroundStation\UAV.MonitoringGroundStation.csproj", "{59F95525-0559-47DE-8EA1-E54D0C89A9B1}"
EndProject
Project("{FAE04EC0-301F-11D3-BF4B-00C04F79EFBC}") = "PrimaryFlightDisplay", "PrimaryFlightDisplay\PrimaryFlightDisplay.csproj", "{26F0DE93-09F3-401D-B418-897C696E861B}"
EndProject
Project("{FAE04EC0-301F-11D3-BF4B-00C04F79EFBC}") = "ConsoleApp1", "ConsoleApp1\ConsoleApp1.csproj", "{B136DB90-E5E8-4497-A228-61204674145F}"
EndProject
Project("{FAE04EC0-301F-11D3-BF4B-00C04F79EFBC}") = "Gmap", "Gmap\Gmap.csproj", "{314F44A8-A054-4300-8202-E1B869A0ED8D}"
EndProject
Global
	GlobalSection(SolutionConfigurationPlatforms) = preSolution
		Debug|Any CPU = Debug|Any CPU
		Release|Any CPU = Release|Any CPU
	EndGlobalSection
	GlobalSection(ProjectConfigurationPlatforms) = postSolution
		{219B769F-B756-4F93-8CC6-1AA69BF23A62}.Debug|Any CPU.ActiveCfg = Debug|Any CPU
		{219B769F-B756-4F93-8CC6-1AA69BF23A62}.Debug|Any CPU.Build.0 = Debug|Any CPU
		{219B769F-B756-4F93-8CC6-1AA69BF23A62}.Release|Any CPU.ActiveCfg = Release|Any CPU
		{219B769F-B756-4F93-8CC6-1AA69BF23A62}.Release|Any CPU.Build.0 = Release|Any CPU
		{6B9774F7-960D-438E-AD81-C6B9BE328D50}.Debug|Any CPU.ActiveCfg = Debug|Any CPU
		{6B9774F7-960D-438E-AD81-C6B9BE328D50}.Debug|Any CPU.Build.0 = Debug|Any CPU
		{6B9774F7-960D-438E-AD81-C6B9BE328D50}.Release|Any CPU.ActiveCfg = Release|Any CPU
		{6B9774F7-960D-438E-AD81-C6B9BE328D50}.Release|Any CPU.Build.0 = Release|Any CPU
		{B822CBD9-1113-4668-85C9-22AA9C24CE60}.Debug|Any CPU.ActiveCfg = Debug|Any CPU
		{B822CBD9-1113-4668-85C9-22AA9C24CE60}.Debug|Any CPU.Build.0 = Debug|Any CPU
		{B822CBD9-1113-4668-85C9-22AA9C24CE60}.Release|Any CPU.ActiveCfg = Release|Any CPU
		{B822CBD9-1113-4668-85C9-22AA9C24CE60}.Release|Any CPU.Build.0 = Release|Any CPU
		{59F95525-0559-47DE-8EA1-E54D0C89A9B1}.Debug|Any CPU.ActiveCfg = Debug|Any CPU
		{59F95525-0559-47DE-8EA1-E54D0C89A9B1}.Debug|Any CPU.Build.0 = Debug|Any CPU
		{59F95525-0559-47DE-8EA1-E54D0C89A9B1}.Release|Any CPU.ActiveCfg = Release|Any CPU
		{59F95525-0559-47DE-8EA1-E54D0C89A9B1}.Release|Any CPU.Build.0 = Release|Any CPU
		{26F0DE93-09F3-401D-B418-897C696E861B}.Debug|Any CPU.ActiveCfg = Debug|Any CPU
		{26F0DE93-09F3-401D-B418-897C696E861B}.Debug|Any CPU.Build.0 = Debug|Any CPU
		{26F0DE93-09F3-401D-B418-897C696E861B}.Release|Any CPU.ActiveCfg = Release|Any CPU
		{26F0DE93-09F3-401D-B418-897C696E861B}.Release|Any CPU.Build.0 = Release|Any CPU
		{B136DB90-E5E8-4497-A228-61204674145F}.Debug|Any CPU.ActiveCfg = Debug|Any CPU
		{B136DB90-E5E8-4497-A228-61204674145F}.Debug|Any CPU.Build.0 = Debug|Any CPU
		{B136DB90-E5E8-4497-A228-61204674145F}.Release|Any CPU.ActiveCfg = Release|Any CPU
		{B136DB90-E5E8-4497-A228-61204674145F}.Release|Any CPU.Build.0 = Release|Any CPU
		{314F44A8-A054-4300-8202-E1B869A0ED8D}.Debug|Any CPU.ActiveCfg = Debug|Any CPU
		{314F44A8-A054-4300-8202-E1B869A0ED8D}.Debug|Any CPU.Build.0 = Debug|Any CPU
		{314F44A8-A054-4300-8202-E1B869A0ED8D}.Release|Any CPU.ActiveCfg = Release|Any CPU
		{314F44A8-A054-4300-8202-E1B869A0ED8D}.Release|Any CPU.Build.0 = Release|Any CPU
	EndGlobalSection
	GlobalSection(SolutionProperties) = preSolution
		HideSolutionNode = FALSE
	EndGlobalSection
	GlobalSection(ExtensibilityGlobals) = postSolution
		SolutionGuid = {6E5D5691-1022-4F0F-A829-C2E83AF7E2A8}
	EndGlobalSection
EndGlobal
